// !$*UTF8*$!
{
	archiveVersion = 1;
	classes = {
	};
	objectVersion = 55;
	objects = {

/* Begin PBXBuildFile section */
		EB7A169F28001BDB00E008DC /* AppDelegate.swift in Sources */ = {isa = PBXBuildFile; fileRef = EB7A169E28001BDB00E008DC /* AppDelegate.swift */; };
		EB7A16A128001BDB00E008DC /* SceneDelegate.swift in Sources */ = {isa = PBXBuildFile; fileRef = EB7A16A028001BDB00E008DC /* SceneDelegate.swift */; };
		EB7A16A328001BDB00E008DC /* ViewController.swift in Sources */ = {isa = PBXBuildFile; fileRef = EB7A16A228001BDB00E008DC /* ViewController.swift */; };
		EB7A16A628001BDB00E008DC /* Main.storyboard in Resources */ = {isa = PBXBuildFile; fileRef = EB7A16A428001BDB00E008DC /* Main.storyboard */; };
		EB7A16A828001BDE00E008DC /* Assets.xcassets in Resources */ = {isa = PBXBuildFile; fileRef = EB7A16A728001BDE00E008DC /* Assets.xcassets */; };
		EB7A16AB28001BDE00E008DC /* LaunchScreen.storyboard in Resources */ = {isa = PBXBuildFile; fileRef = EB7A16A928001BDE00E008DC /* LaunchScreen.storyboard */; };
		EB7A16B32800235E00E008DC /* StartViewController.swift in Sources */ = {isa = PBXBuildFile; fileRef = EB7A16B22800235E00E008DC /* StartViewController.swift */; };
/* End PBXBuildFile section */

/* Begin PBXFileReference section */
		EB7A169B28001BDB00E008DC /* AnimationTasks.app */ = {isa = PBXFileReference; explicitFileType = wrapper.application; includeInIndex = 0; path = AnimationTasks.app; sourceTree = BUILT_PRODUCTS_DIR; };
		EB7A169E28001BDB00E008DC /* AppDelegate.swift */ = {isa = PBXFileReference; lastKnownFileType = sourcecode.swift; path = AppDelegate.swift; sourceTree = "<group>"; };
		EB7A16A028001BDB00E008DC /* SceneDelegate.swift */ = {isa = PBXFileReference; lastKnownFileType = sourcecode.swift; path = SceneDelegate.swift; sourceTree = "<group>"; };
		EB7A16A228001BDB00E008DC /* ViewController.swift */ = {isa = PBXFileReference; lastKnownFileType = sourcecode.swift; path = ViewController.swift; sourceTree = "<group>"; };
		EB7A16A528001BDB00E008DC /* Base */ = {isa = PBXFileReference; lastKnownFileType = file.storyboard; name = Base; path = Base.lproj/Main.storyboard; sourceTree = "<group>"; };
		EB7A16A728001BDE00E008DC /* Assets.xcassets */ = {isa = PBXFileReference; lastKnownFileType = folder.assetcatalog; path = Assets.xcassets; sourceTree = "<group>"; };
		EB7A16AA28001BDE00E008DC /* Base */ = {isa = PBXFileReference; lastKnownFileType = file.storyboard; name = Base; path = Base.lproj/LaunchScreen.storyboard; sourceTree = "<group>"; };
		EB7A16AC28001BDE00E008DC /* Info.plist */ = {isa = PBXFileReference; lastKnownFileType = text.plist.xml; path = Info.plist; sourceTree = "<group>"; };
		EB7A16B22800235E00E008DC /* StartViewController.swift */ = {isa = PBXFileReference; lastKnownFileType = sourcecode.swift; path = StartViewController.swift; sourceTree = "<group>"; };
/* End PBXFileReference section */

/* Begin PBXFrameworksBuildPhase section */
		EB7A169828001BDB00E008DC /* Frameworks */ = {
			isa = PBXFrameworksBuildPhase;
			buildActionMask = 2147483647;
			files = (
			);
			runOnlyForDeploymentPostprocessing = 0;
		};
/* End PBXFrameworksBuildPhase section */

/* Begin PBXGroup section */
		EB7A169228001BDB00E008DC = {
			isa = PBXGroup;
			children = (
				EB7A169D28001BDB00E008DC /* AnimationTasks */,
				EB7A169C28001BDB00E008DC /* Products */,
			);
			sourceTree = "<group>";
		};
		EB7A169C28001BDB00E008DC /* Products */ = {
			isa = PBXGroup;
			children = (
				EB7A169B28001BDB00E008DC /* AnimationTasks.app */,
			);
			name = Products;
			sourceTree = "<group>";
		};
		EB7A169D28001BDB00E008DC /* AnimationTasks */ = {
			isa = PBXGroup;
			children = (
				EB7A169E28001BDB00E008DC /* AppDelegate.swift */,
				EB7A16A028001BDB00E008DC /* SceneDelegate.swift */,
				EB7A16A228001BDB00E008DC /* ViewController.swift */,
				EB7A16A428001BDB00E008DC /* Main.storyboard */,
				EB7A16A728001BDE00E008DC /* Assets.xcassets */,
				EB7A16A928001BDE00E008DC /* LaunchScreen.storyboard */,
				EB7A16AC28001BDE00E008DC /* Info.plist */,
				EB7A16B22800235E00E008DC /* StartViewController.swift */,
			);
			path = AnimationTasks;
			sourceTree = "<group>";
		};
/* End PBXGroup section */

/* Begin PBXNativeTarget section */
		EB7A169A28001BDB00E008DC /* AnimationTasks */ = {
			isa = PBXNativeTarget;
			buildConfigurationList = EB7A16AF28001BDE00E008DC /* Build configuration list for PBXNativeTarget "AnimationTasks" */;
			buildPhases = (
				EB7A169728001BDB00E008DC /* Sources */,
				EB7A169828001BDB00E008DC /* Frameworks */,
				EB7A169928001BDB00E008DC /* Resources */,
			);
			buildRules = (
			);
			dependencies = (
			);
			name = AnimationTasks;
			productName = AnimationTasks;
			productReference = EB7A169B28001BDB00E008DC /* AnimationTasks.app */;
			productType = "com.apple.product-type.application";
		};
/* End PBXNativeTarget section */

/* Begin PBXProject section */
		EB7A169328001BDB00E008DC /* Project object */ = {
			isa = PBXProject;
			attributes = {
				BuildIndependentTargetsInParallel = 1;
				LastSwiftUpdateCheck = 1330;
				LastUpgradeCheck = 1330;
				TargetAttributes = {
					EB7A169A28001BDB00E008DC = {
						CreatedOnToolsVersion = 13.3;
					};
				};
			};
			buildConfigurationList = EB7A169628001BDB00E008DC /* Build configuration list for PBXProject "AnimationTasks" */;
			compatibilityVersion = "Xcode 13.0";
			developmentRegion = en;
			hasScannedForEncodings = 0;
			knownRegions = (
				en,
				Base,
			);
			mainGroup = EB7A169228001BDB00E008DC;
			productRefGroup = EB7A169C28001BDB00E008DC /* Products */;
			projectDirPath = "";
			projectRoot = "";
			targets = (
				EB7A169A28001BDB00E008DC /* AnimationTasks */,
			);
		};
/* End PBXProject section */

/* Begin PBXResourcesBuildPhase section */
		EB7A169928001BDB00E008DC /* Resources */ = {
			isa = PBXResourcesBuildPhase;
			buildActionMask = 2147483647;
			files = (
				EB7A16AB28001BDE00E008DC /* LaunchScreen.storyboard in Resources */,
				EB7A16A828001BDE00E008DC /* Assets.xcassets in Resources */,
				EB7A16A628001BDB00E008DC /* Main.storyboard in Resources */,
			);
			runOnlyForDeploymentPostprocessing = 0;
		};
/* End PBXResourcesBuildPhase section */

/* Begin PBXSourcesBuildPhase section */
		EB7A169728001BDB00E008DC /* Sources */ = {
			isa = PBXSourcesBuildPhase;
			buildActionMask = 2147483647;
			files = (
				EB7A16A328001BDB00E008DC /* ViewController.swift in Sources */,
				EB7A16B32800235E00E008DC /* StartViewController.swift in Sources */,
				EB7A169F28001BDB00E008DC /* AppDelegate.swift in Sources */,
				EB7A16A128001BDB00E008DC /* SceneDelegate.swift in Sources */,
			);
			runOnlyForDeploymentPostprocessing = 0;
		};
/* End PBXSourcesBuildPhase section */

/* Begin PBXVariantGroup section */
		EB7A16A428001BDB00E008DC /* Main.storyboard */ = {
			isa = PBXVariantGroup;
			children = (
				EB7A16A528001BDB00E008DC /* Base */,
			);
			name = Main.storyboard;
			sourceTree = "<group>";
		};
		EB7A16A928001BDE00E008DC /* LaunchScreen.storyboard */ = {
			isa = PBXVariantGroup;
			children = (
				EB7A16AA28001BDE00E008DC /* Base */,
			);
			name = LaunchScreen.storyboard;
			sourceTree = "<group>";
		};
/* End PBXVariantGroup section */

/* Begin XCBuildConfiguration section */
		EB7A16AD28001BDE00E008DC /* Debug */ = {
			isa = XCBuildConfiguration;
			buildSettings = {
				ALWAYS_SEARCH_USER_PATHS = NO;
				CLANG_ANALYZER_NONNULL = YES;
				CLANG_ANALYZER_NUMBER_OBJECT_CONVERSION = YES_AGGRESSIVE;
				CLANG_CXX_LANGUAGE_STANDARD = "gnu++17";
				CLANG_ENABLE_MODULES = YES;
				CLANG_ENABLE_OBJC_ARC = YES;
				CLANG_ENABLE_OBJC_WEAK = YES;
				CLANG_WARN_BLOCK_CAPTURE_AUTORELEASING = YES;
				CLANG_WARN_BOOL_CONVERSION = YES;
				CLANG_WARN_COMMA = YES;
				CLANG_WARN_CONSTANT_CONVERSION = YES;
				CLANG_WARN_DEPRECATED_OBJC_IMPLEMENTATIONS = YES;
				CLANG_WARN_DIRECT_OBJC_ISA_USAGE = YES_ERROR;
				CLANG_WARN_DOCUMENTATION_COMMENTS = YES;
				CLANG_WARN_EMPTY_BODY = YES;
				CLANG_WARN_ENUM_CONVERSION = YES;
				CLANG_WARN_INFINITE_RECURSION = YES;
				CLANG_WARN_INT_CONVERSION = YES;
				CLANG_WARN_NON_LITERAL_NULL_CONVERSION = YES;
				CLANG_WARN_OBJC_IMPLICIT_RETAIN_SELF = YES;
				CLANG_WARN_OBJC_LITERAL_CONVERSION = YES;
				CLANG_WARN_OBJC_ROOT_CLASS = YES_ERROR;
				CLANG_WARN_QUOTED_INCLUDE_IN_FRAMEWORK_HEADER = YES;
				CLANG_WARN_RANGE_LOOP_ANALYSIS = YES;
				CLANG_WARN_STRICT_PROTOTYPES = YES;
				CLANG_WARN_SUSPICIOUS_MOVE = YES;
				CLANG_WARN_UNGUARDED_AVAILABILITY = YES_AGGRESSIVE;
				CLANG_WARN_UNREACHABLE_CODE = YES;
				CLANG_WARN__DUPLICATE_METHOD_MATCH = YES;
				COPY_PHASE_STRIP = NO;
				DEBUG_INFORMATION_FORMAT = dwarf;
				ENABLE_STRICT_OBJC_MSGSEND = YES;
				ENABLE_TESTABILITY = YES;
				GCC_C_LANGUAGE_STANDARD = gnu11;
				GCC_DYNAMIC_NO_PIC = NO;
				GCC_NO_COMMON_BLOCKS = YES;
				GCC_OPTIMIZATION_LEVEL = 0;
				GCC_PREPROCESSOR_DEFINITIONS = (
					"DEBUG=1",
					"$(inherited)",
				);
				GCC_WARN_64_TO_32_BIT_CONVERSION = YES;
				GCC_WARN_ABOUT_RETURN_TYPE = YES_ERROR;
				GCC_WARN_UNDECLARED_SELECTOR = YES;
				GCC_WARN_UNINITIALIZED_AUTOS = YES_AGGRESSIVE;
				GCC_WARN_UNUSED_FUNCTION = YES;
				GCC_WARN_UNUSED_VARIABLE = YES;
				IPHONEOS_DEPLOYMENT_TARGET = 15.4;
				MTL_ENABLE_DEBUG_INFO = INCLUDE_SOURCE;
				MTL_FAST_MATH = YES;
				ONLY_ACTIVE_ARCH = YES;
				SDKROOT = iphoneos;
				SWIFT_ACTIVE_COMPILATION_CONDITIONS = DEBUG;
				SWIFT_OPTIMIZATION_LEVEL = "-Onone";
			};
			name = Debug;
		};
		EB7A16AE28001BDE00E008DC /* Release */ = {
			isa = XCBuildConfiguration;
			buildSettings = {
				ALWAYS_SEARCH_USER_PATHS = NO;
				CLANG_ANALYZER_NONNULL = YES;
				CLANG_ANALYZER_NUMBER_OBJECT_CONVERSION = YES_AGGRESSIVE;
				CLANG_CXX_LANGUAGE_STANDARD = "gnu++17";
				CLANG_ENABLE_MODULES = YES;
				CLANG_ENABLE_OBJC_ARC = YES;
				CLANG_ENABLE_OBJC_WEAK = YES;
				CLANG_WARN_BLOCK_CAPTURE_AUTORELEASING = YES;
				CLANG_WARN_BOOL_CONVERSION = YES;
				CLANG_WARN_COMMA = YES;
				CLANG_WARN_CONSTANT_CONVERSION = YES;
				CLANG_WARN_DEPRECATED_OBJC_IMPLEMENTATIONS = YES;
				CLANG_WARN_DIRECT_OBJC_ISA_USAGE = YES_ERROR;
				CLANG_WARN_DOCUMENTATION_COMMENTS = YES;
				CLANG_WARN_EMPTY_BODY = YES;
				CLANG_WARN_ENUM_CONVERSION = YES;
				CLANG_WARN_INFINITE_RECURSION = YES;
				CLANG_WARN_INT_CONVERSION = YES;
				CLANG_WARN_NON_LITERAL_NULL_CONVERSION = YES;
				CLANG_WARN_OBJC_IMPLICIT_RETAIN_SELF = YES;
				CLANG_WARN_OBJC_LITERAL_CONVERSION = YES;
				CLANG_WARN_OBJC_ROOT_CLASS = YES_ERROR;
				CLANG_WARN_QUOTED_INCLUDE_IN_FRAMEWORK_HEADER = YES;
				CLANG_WARN_RANGE_LOOP_ANALYSIS = YES;
				CLANG_WARN_STRICT_PROTOTYPES = YES;
				CLANG_WARN_SUSPICIOUS_MOVE = YES;
				CLANG_WARN_UNGUARDED_AVAILABILITY = YES_AGGRESSIVE;
				CLANG_WARN_UNREACHABLE_CODE = YES;
				CLANG_WARN__DUPLICATE_METHOD_MATCH = YES;
				COPY_PHASE_STRIP = NO;
				DEBUG_INFORMATION_FORMAT = "dwarf-with-dsym";
				ENABLE_NS_ASSERTIONS = NO;
				ENABLE_STRICT_OBJC_MSGSEND = YES;
				GCC_C_LANGUAGE_STANDARD = gnu11;
				GCC_NO_COMMON_BLOCKS = YES;
				GCC_WARN_64_TO_32_BIT_CONVERSION = YES;
				GCC_WARN_ABOUT_RETURN_TYPE = YES_ERROR;
				GCC_WARN_UNDECLARED_SELECTOR = YES;
				GCC_WARN_UNINITIALIZED_AUTOS = YES_AGGRESSIVE;
				GCC_WARN_UNUSED_FUNCTION = YES;
				GCC_WARN_UNUSED_VARIABLE = YES;
				IPHONEOS_DEPLOYMENT_TARGET = 15.4;
				MTL_ENABLE_DEBUG_INFO = NO;
				MTL_FAST_MATH = YES;
				SDKROOT = iphoneos;
				SWIFT_COMPILATION_MODE = wholemodule;
				SWIFT_OPTIMIZATION_LEVEL = "-O";
				VALIDATE_PRODUCT = YES;
			};
			name = Release;
		};
		EB7A16B028001BDE00E008DC /* Debug */ = {
			isa = XCBuildConfiguration;
			buildSettings = {
				ASSETCATALOG_COMPILER_APPICON_NAME = AppIcon;
				ASSETCATALOG_COMPILER_GLOBAL_ACCENT_COLOR_NAME = AccentColor;
				CODE_SIGN_STYLE = Automatic;
				CURRENT_PROJECT_VERSION = 1;
				DEVELOPMENT_TEAM = 9R54UUJXYS;
				GENERATE_INFOPLIST_FILE = YES;
				INFOPLIST_FILE = AnimationTasks/Info.plist;
				INFOPLIST_KEY_UIApplicationSupportsIndirectInputEvents = YES;
				INFOPLIST_KEY_UILaunchStoryboardName = LaunchScreen;
				INFOPLIST_KEY_UIMainStoryboardFile = Main;
				INFOPLIST_KEY_UISupportedInterfaceOrientations_iPad = "UIInterfaceOrientationPortrait UIInterfaceOrientationPortraitUpsideDown UIInterfaceOrientationLandscapeLeft UIInterfaceOrientationLandscapeRight";
				INFOPLIST_KEY_UISupportedInterfaceOrientations_iPhone = "UIInterfaceOrientationPortrait UIInterfaceOrientationLandscapeLeft UIInterfaceOrientationLandscapeRight";
				LD_RUNPATH_SEARCH_PATHS = (
					"$(inherited)",
					"@executable_path/Frameworks",
				);
				MARKETING_VERSION = 1.0;
				PRODUCT_BUNDLE_IDENTIFIER = com.itis.AnimationTasks;
				PRODUCT_NAME = "$(TARGET_NAME)";
				SWIFT_EMIT_LOC_STRINGS = YES;
				SWIFT_VERSION = 5.0;
				TARGETED_DEVICE_FAMILY = "1,2";
			};
			name = Debug;
		};
		EB7A16B128001BDE00E008DC /* Release */ = {
			isa = XCBuildConfiguration;
			buildSettings = {
				ASSETCATALOG_COMPILER_APPICON_NAME = AppIcon;
				ASSETCATALOG_COMPILER_GLOBAL_ACCENT_COLOR_NAME = AccentColor;
				CODE_SIGN_STYLE = Automatic;
				CURRENT_PROJECT_VERSION = 1;
				DEVELOPMENT_TEAM = 9R54UUJXYS;
				GENERATE_INFOPLIST_FILE = YES;
				INFOPLIST_FILE = AnimationTasks/Info.plist;
				INFOPLIST_KEY_UIApplicationSupportsIndirectInputEvents = YES;
				INFOPLIST_KEY_UILaunchStoryboardName = LaunchScreen;
				INFOPLIST_KEY_UIMainStoryboardFile = Main;
				INFOPLIST_KEY_UISupportedInterfaceOrientations_iPad = "UIInterfaceOrientationPortrait UIInterfaceOrientationPortraitUpsideDown UIInterfaceOrientationLandscapeLeft UIInterfaceOrientationLandscapeRight";
				INFOPLIST_KEY_UISupportedInterfaceOrientations_iPhone = "UIInterfaceOrientationPortrait UIInterfaceOrientationLandscapeLeft UIInterfaceOrientationLandscapeRight";
				LD_RUNPATH_SEARCH_PATHS = (
					"$(inherited)",
					"@executable_path/Frameworks",
				);
				MARKETING_VERSION = 1.0;
				PRODUCT_BUNDLE_IDENTIFIER = com.itis.AnimationTasks;
				PRODUCT_NAME = "$(TARGET_NAME)";
				SWIFT_EMIT_LOC_STRINGS = YES;
				SWIFT_VERSION = 5.0;
				TARGETED_DEVICE_FAMILY = "1,2";
			};
			name = Release;
		};
/* End XCBuildConfiguration section */

/* Begin XCConfigurationList section */
		EB7A169628001BDB00E008DC /* Build configuration list for PBXProject "AnimationTasks" */ = {
			isa = XCConfigurationList;
			buildConfigurations = (
				EB7A16AD28001BDE00E008DC /* Debug */,
				EB7A16AE28001BDE00E008DC /* Release */,
			);
			defaultConfigurationIsVisible = 0;
			defaultConfigurationName = Release;
		};
		EB7A16AF28001BDE00E008DC /* Build configuration list for PBXNativeTarget "AnimationTasks" */ = {
			isa = XCConfigurationList;
			buildConfigurations = (
				EB7A16B028001BDE00E008DC /* Debug */,
				EB7A16B128001BDE00E008DC /* Release */,
			);
			defaultConfigurationIsVisible = 0;
			defaultConfigurationName = Release;
		};
/* End XCConfigurationList section */
	};
	rootObject = EB7A169328001BDB00E008DC /* Project object */;
}
